{
  "originHash" : "3271c4332e6733ca8f27e201f370cffe4f79548e3c9ab045f951a7d50b83e63a",
  "pins" : [
    {
      "identity" : "irfoundation",
      "kind" : "remoteSourceControl",
      "location" : "https://github.com/ios-roadmap/IRFoundation.git",
      "state" : {
        "revision" : "e20c595128c35e52acdcc15acd913a9c518e386e",
        "version" : "0.0.1"
      }
    }
  ],
  "version" : 3
}
